<?xml version="1.0" encoding="UTF-8" standalone="yes" ?>
<CodeBlocks_workspace_file>
	<Workspace title="Workspace">
		<Project filename="Overloading/Overloading.cbp" />
		<Project filename="PolyMorphism/PolyMorphism.cbp" />
		<Project filename="Abstraction/Abstraction.cbp" />
	</Workspace>
</CodeBlocks_workspace_file>
